
Microsoft Visual Studio Solution File, Format Version 12.00
# Visual Studio Version 17
VisualStudioVersion = 17.4.33213.308
MinimumVisualStudioVersion = 10.0.40219.1
Project("{FAE04EC0-301F-11D3-BF4B-00C04F79EFBC}") = "PROG-PART2", "PROG-PART2\PROG-PART2.csproj", "{A0187468-BA8A-4E44-9C8D-6519AB5AA8FA}"
EndProject
Global
	GlobalSection(SolutionConfigurationPlatforms) = preSolution
		Debug|Any CPU = Debug|Any CPU
		Release|Any CPU = Release|Any CPU
	EndGlobalSection
	GlobalSection(ProjectConfigurationPlatforms) = postSolution
		{A0187468-BA8A-4E44-9C8D-6519AB5AA8FA}.Debug|Any CPU.ActiveCfg = Debug|Any CPU
		{A0187468-BA8A-4E44-9C8D-6519AB5AA8FA}.Debug|Any CPU.Build.0 = Debug|Any CPU
		{A0187468-BA8A-4E44-9C8D-6519AB5AA8FA}.Release|Any CPU.ActiveCfg = Release|Any CPU
		{A0187468-BA8A-4E44-9C8D-6519AB5AA8FA}.Release|Any CPU.Build.0 = Release|Any CPU
	EndGlobalSection
	GlobalSection(SolutionProperties) = preSolution
		HideSolutionNode = FALSE
	EndGlobalSection
	GlobalSection(ExtensibilityGlobals) = postSolution
		SolutionGuid = {E666D4CF-8968-4DAB-9B8C-CAA659CDE7C7}
	EndGlobalSection
EndGlobal
